
Microsoft Visual Studio Solution File, Format Version 12.00
# Visual Studio 2013
VisualStudioVersion = 12.0.21005.1
MinimumVisualStudioVersion = 10.0.40219.1
Project("{FAE04EC0-301F-11D3-BF4B-00C04F79EFBC}") = "Vocabulary", "Vocabulary.csproj", "{532A4E6A-78A8-484A-931E-22B83FBA8C90}"
EndProject
Project("{FAE04EC0-301F-11D3-BF4B-00C04F79EFBC}") = "Vocabulary.EF", "..\Vocabulary.EF\Vocabulary.EF.csproj", "{2B3FBBB8-C0C8-40E8-81EE-EA27A9054547}"
EndProject
Global
	GlobalSection(SolutionConfigurationPlatforms) = preSolution
		Debug|Any CPU = Debug|Any CPU
		Release|Any CPU = Release|Any CPU
	EndGlobalSection
	GlobalSection(ProjectConfigurationPlatforms) = postSolution
		{532A4E6A-78A8-484A-931E-22B83FBA8C90}.Debug|Any CPU.ActiveCfg = Debug|Any CPU
		{532A4E6A-78A8-484A-931E-22B83FBA8C90}.Debug|Any CPU.Build.0 = Debug|Any CPU
		{532A4E6A-78A8-484A-931E-22B83FBA8C90}.Release|Any CPU.ActiveCfg = Release|Any CPU
		{532A4E6A-78A8-484A-931E-22B83FBA8C90}.Release|Any CPU.Build.0 = Release|Any CPU
		{2B3FBBB8-C0C8-40E8-81EE-EA27A9054547}.Debug|Any CPU.ActiveCfg = Debug|Any CPU
		{2B3FBBB8-C0C8-40E8-81EE-EA27A9054547}.Debug|Any CPU.Build.0 = Debug|Any CPU
		{2B3FBBB8-C0C8-40E8-81EE-EA27A9054547}.Release|Any CPU.ActiveCfg = Release|Any CPU
		{2B3FBBB8-C0C8-40E8-81EE-EA27A9054547}.Release|Any CPU.Build.0 = Release|Any CPU
	EndGlobalSection
	GlobalSection(SolutionProperties) = preSolution
		HideSolutionNode = FALSE
	EndGlobalSection
EndGlobal
